
Microsoft Visual Studio Solution File, Format Version 12.00
# Visual Studio Version 17
VisualStudioVersion = 17.9.34728.123
MinimumVisualStudioVersion = 10.0.40219.1
Project("{FAE04EC0-301F-11D3-BF4B-00C04F79EFBC}") = "OPA-ex10", "OPA-ex10\OPA-ex10.csproj", "{1A523AF5-53A4-452A-8AA1-6AC78AA848EB}"
EndProject
Global
	GlobalSection(SolutionConfigurationPlatforms) = preSolution
		Debug|Any CPU = Debug|Any CPU
		Release|Any CPU = Release|Any CPU
	EndGlobalSection
	GlobalSection(ProjectConfigurationPlatforms) = postSolution
		{1A523AF5-53A4-452A-8AA1-6AC78AA848EB}.Debug|Any CPU.ActiveCfg = Debug|Any CPU
		{1A523AF5-53A4-452A-8AA1-6AC78AA848EB}.Debug|Any CPU.Build.0 = Debug|Any CPU
		{1A523AF5-53A4-452A-8AA1-6AC78AA848EB}.Release|Any CPU.ActiveCfg = Release|Any CPU
		{1A523AF5-53A4-452A-8AA1-6AC78AA848EB}.Release|Any CPU.Build.0 = Release|Any CPU
	EndGlobalSection
	GlobalSection(SolutionProperties) = preSolution
		HideSolutionNode = FALSE
	EndGlobalSection
	GlobalSection(ExtensibilityGlobals) = postSolution
		SolutionGuid = {DFCD65D9-B2E9-48AA-9DB2-F5469C2D209D}
	EndGlobalSection
EndGlobal
