
Microsoft Visual Studio Solution File, Format Version 12.00
# Visual Studio Version 17
VisualStudioVersion = 17.9.34728.123
MinimumVisualStudioVersion = 10.0.40219.1
Project("{FAE04EC0-301F-11D3-BF4B-00C04F79EFBC}") = "OPA-ex03", "OPA-ex03\OPA-ex03.csproj", "{32D0355C-4CD5-493B-8E76-F047B5BDAC25}"
EndProject
Global
	GlobalSection(SolutionConfigurationPlatforms) = preSolution
		Debug|Any CPU = Debug|Any CPU
		Release|Any CPU = Release|Any CPU
	EndGlobalSection
	GlobalSection(ProjectConfigurationPlatforms) = postSolution
		{32D0355C-4CD5-493B-8E76-F047B5BDAC25}.Debug|Any CPU.ActiveCfg = Debug|Any CPU
		{32D0355C-4CD5-493B-8E76-F047B5BDAC25}.Debug|Any CPU.Build.0 = Debug|Any CPU
		{32D0355C-4CD5-493B-8E76-F047B5BDAC25}.Release|Any CPU.ActiveCfg = Release|Any CPU
		{32D0355C-4CD5-493B-8E76-F047B5BDAC25}.Release|Any CPU.Build.0 = Release|Any CPU
	EndGlobalSection
	GlobalSection(SolutionProperties) = preSolution
		HideSolutionNode = FALSE
	EndGlobalSection
	GlobalSection(ExtensibilityGlobals) = postSolution
		SolutionGuid = {2E0336D4-094A-4913-8662-EA2AE70FB389}
	EndGlobalSection
EndGlobal
