
Microsoft Visual Studio Solution File, Format Version 12.00
# Visual Studio Version 17
VisualStudioVersion = 17.9.34728.123
MinimumVisualStudioVersion = 10.0.40219.1
Project("{FAE04EC0-301F-11D3-BF4B-00C04F79EFBC}") = "OPA-ex08", "OPA-ex08\OPA-ex08.csproj", "{1FCA3B44-E67A-4046-96C1-16C29E8D9255}"
EndProject
Global
	GlobalSection(SolutionConfigurationPlatforms) = preSolution
		Debug|Any CPU = Debug|Any CPU
		Release|Any CPU = Release|Any CPU
	EndGlobalSection
	GlobalSection(ProjectConfigurationPlatforms) = postSolution
		{1FCA3B44-E67A-4046-96C1-16C29E8D9255}.Debug|Any CPU.ActiveCfg = Debug|Any CPU
		{1FCA3B44-E67A-4046-96C1-16C29E8D9255}.Debug|Any CPU.Build.0 = Debug|Any CPU
		{1FCA3B44-E67A-4046-96C1-16C29E8D9255}.Release|Any CPU.ActiveCfg = Release|Any CPU
		{1FCA3B44-E67A-4046-96C1-16C29E8D9255}.Release|Any CPU.Build.0 = Release|Any CPU
	EndGlobalSection
	GlobalSection(SolutionProperties) = preSolution
		HideSolutionNode = FALSE
	EndGlobalSection
	GlobalSection(ExtensibilityGlobals) = postSolution
		SolutionGuid = {F9FDD2F5-DACB-4D04-8F67-18B9E20CBC9B}
	EndGlobalSection
EndGlobal
