
Microsoft Visual Studio Solution File, Format Version 12.00
# Visual Studio Version 17
VisualStudioVersion = 17.9.34728.123
MinimumVisualStudioVersion = 10.0.40219.1
Project("{FAE04EC0-301F-11D3-BF4B-00C04F79EFBC}") = "OPA-ex09", "OPA-ex09\OPA-ex09.csproj", "{28D96F92-4232-419C-B369-F01C3A7EBAFD}"
EndProject
Global
	GlobalSection(SolutionConfigurationPlatforms) = preSolution
		Debug|Any CPU = Debug|Any CPU
		Release|Any CPU = Release|Any CPU
	EndGlobalSection
	GlobalSection(ProjectConfigurationPlatforms) = postSolution
		{28D96F92-4232-419C-B369-F01C3A7EBAFD}.Debug|Any CPU.ActiveCfg = Debug|Any CPU
		{28D96F92-4232-419C-B369-F01C3A7EBAFD}.Debug|Any CPU.Build.0 = Debug|Any CPU
		{28D96F92-4232-419C-B369-F01C3A7EBAFD}.Release|Any CPU.ActiveCfg = Release|Any CPU
		{28D96F92-4232-419C-B369-F01C3A7EBAFD}.Release|Any CPU.Build.0 = Release|Any CPU
	EndGlobalSection
	GlobalSection(SolutionProperties) = preSolution
		HideSolutionNode = FALSE
	EndGlobalSection
	GlobalSection(ExtensibilityGlobals) = postSolution
		SolutionGuid = {79DB09C7-2A75-43F9-8031-C76343FDD1EC}
	EndGlobalSection
EndGlobal
